{
  "version": 4,
  "terraform_version": "1.9.0",
  "serial": 23,
  "lineage": "4c291c69-7d85-5805-5ae8-8d9836bdf94f",
  "outputs": {
    "sync_config_suggestions": {
      "value": {
        "all_groups_filter": "type eq \"OKTA_GROUP\" and profile.name ne \"AD-Imported-Group\"",
        "basic_group_filter": "type eq \"OKTA_GROUP\"",
        "basic_user_filter": "status eq \"ACTIVE\"",
        "department_filter": "status eq \"ACTIVE\" and profile.department eq \"ML Engineering\"",
        "expected_active_users": 5,
        "expected_groups": 4,
        "ml_group_filter": "type eq \"OKTA_GROUP\" and profile.name eq \"ML-Engineering\""
      },
      "type": [
        "object",
        {
          "all_groups_filter": "string",
          "basic_group_filter": "string",
          "basic_user_filter": "string",
          "department_filter": "string",
          "expected_active_users": "number",
          "expected_groups": "number",
          "ml_group_filter": "string"
        }
      ]
    },
    "test_groups": {
      "value": {
        "all_ai_ml": {
          "id": "00gtjnz1x3OXeGxXI697",
          "name": "All-AI-ML"
        },
        "data_science": {
          "id": "00gtjnzw0fj1oNaK7697",
          "name": "Data-Science"
        },
        "genai_platform_admins": {
          "id": "00gtjnwav6guZ7dc4697",
          "name": "GenAI-Platform-Admins"
        },
        "ml_engineering": {
          "id": "00gtjnv3lrrP8AmZD697",
          "name": "ML-Engineering"
        },
        "test_ad_group": {
          "id": "00gtjnw9dbdSvkCVD697",
          "name": "AD-Imported-Group"
        }
      },
      "type": [
        "object",
        {
          "all_ai_ml": [
            "object",
            {
              "id": "string",
              "name": "string"
            }
          ],
          "data_science": [
            "object",
            {
              "id": "string",
              "name": "string"
            }
          ],
          "genai_platform_admins": [
            "object",
            {
              "id": "string",
              "name": "string"
            }
          ],
          "ml_engineering": [
            "object",
            {
              "id": "string",
              "name": "string"
            }
          ],
          "test_ad_group": [
            "object",
            {
              "id": "string",
              "name": "string"
            }
          ]
        }
      ]
    },
    "test_users": {
      "value": {
        "data_scientists": {
          "ds1": {
            "email": "carlos+ds1@braintrustdata.com",
            "id": "00utjo1iun8o7aNQY697",
            "login": "carlos+ds1@braintrustdata.com"
          },
          "ds2": {
            "email": "carlos+ds2@braintrustdata.com",
            "id": "00utjo03iieMatKuX697",
            "login": "carlos+ds2@braintrustdata.com"
          }
        },
        "inactive_user": {
          "email": "carlos+inactive@braintrustdata.com",
          "id": "00utjo0jh39qf98AG697",
          "status": "SUSPENDED"
        },
        "ml_engineers": {
          "ml1": {
            "email": "carlos+ml1@braintrustdata.com",
            "id": "00utjo190ikTCCJQb697",
            "login": "carlos+ml1@braintrustdata.com"
          },
          "ml2": {
            "email": "carlos+ml2@braintrustdata.com",
            "id": "00utjo06xcOpamVBS697",
            "login": "carlos+ml2@braintrustdata.com"
          }
        },
        "platform_admin": {
          "email": "carlos+admin@braintrustdata.com",
          "id": "00utjo1xiaBb3vKD3697",
          "login": "carlos+admin@braintrustdata.com"
        }
      },
      "type": [
        "object",
        {
          "data_scientists": [
            "object",
            {
              "ds1": [
                "object",
                {
                  "email": "string",
                  "id": "string",
                  "login": "string"
                }
              ],
              "ds2": [
                "object",
                {
                  "email": "string",
                  "id": "string",
                  "login": "string"
                }
              ]
            }
          ],
          "inactive_user": [
            "object",
            {
              "email": "string",
              "id": "string",
              "status": "string"
            }
          ],
          "ml_engineers": [
            "object",
            {
              "ml1": [
                "object",
                {
                  "email": "string",
                  "id": "string",
                  "login": "string"
                }
              ],
              "ml2": [
                "object",
                {
                  "email": "string",
                  "id": "string",
                  "login": "string"
                }
              ]
            }
          ],
          "platform_admin": [
            "object",
            {
              "email": "string",
              "id": "string",
              "login": "string"
            }
          ]
        }
      ]
    }
  },
  "resources": [
    {
      "mode": "managed",
      "type": "okta_group",
      "name": "all_ai_ml",
      "provider": "provider[\"registry.terraform.io/okta/okta\"]",
      "instances": [
        {
          "schema_version": 0,
          "attributes": {
            "custom_profile_attributes": "{}",
            "description": "All AI/ML Teams (Parent Group)",
            "id": "00gtjnz1x3OXeGxXI697",
            "name": "All-AI-ML",
            "skip_users": false
          },
          "sensitive_attributes": [],
          "private": "bnVsbA=="
        }
      ]
    },
    {
      "mode": "managed",
      "type": "okta_group",
      "name": "data_science",
      "provider": "provider[\"registry.terraform.io/okta/okta\"]",
      "instances": [
        {
          "schema_version": 0,
          "attributes": {
            "custom_profile_attributes": "{}",
            "description": "Data Science Team",
            "id": "00gtjnzw0fj1oNaK7697",
            "name": "Data-Science",
            "skip_users": false
          },
          "sensitive_attributes": [],
          "private": "bnVsbA=="
        }
      ]
    },
    {
      "mode": "managed",
      "type": "okta_group",
      "name": "genai_platform_admins",
      "provider": "provider[\"registry.terraform.io/okta/okta\"]",
      "instances": [
        {
          "schema_version": 0,
          "attributes": {
            "custom_profile_attributes": "{}",
            "description": "GenAI Platform Administration Team",
            "id": "00gtjnwav6guZ7dc4697",
            "name": "GenAI-Platform-Admins",
            "skip_users": false
          },
          "sensitive_attributes": [],
          "private": "bnVsbA=="
        }
      ]
    },
    {
      "mode": "managed",
      "type": "okta_group",
      "name": "ml_engineering",
      "provider": "provider[\"registry.terraform.io/okta/okta\"]",
      "instances": [
        {
          "schema_version": 0,
          "attributes": {
            "custom_profile_attributes": "{}",
            "description": "Machine Learning Engineering Team",
            "id": "00gtjnv3lrrP8AmZD697",
            "name": "ML-Engineering",
            "skip_users": false
          },
          "sensitive_attributes": [],
          "private": "bnVsbA=="
        }
      ]
    },
    {
      "mode": "managed",
      "type": "okta_group",
      "name": "test_ad_group",
      "provider": "provider[\"registry.terraform.io/okta/okta\"]",
      "instances": [
        {
          "schema_version": 0,
          "attributes": {
            "custom_profile_attributes": "{}",
            "description": "Simulated AD imported group that should be filtered out",
            "id": "00gtjnw9dbdSvkCVD697",
            "name": "AD-Imported-Group",
            "skip_users": false
          },
          "sensitive_attributes": [],
          "private": "bnVsbA=="
        }
      ]
    },
    {
      "mode": "managed",
      "type": "okta_group_memberships",
      "name": "ad_group_members",
      "provider": "provider[\"registry.terraform.io/okta/okta\"]",
      "instances": [
        {
          "schema_version": 0,
          "attributes": {
            "group_id": "00gtjnw9dbdSvkCVD697",
            "id": "00gtjnw9dbdSvkCVD697",
            "track_all_users": false,
            "users": [
              "00utjo0jh39qf98AG697"
            ]
          },
          "sensitive_attributes": [],
          "private": "bnVsbA==",
          "dependencies": [
            "okta_group.test_ad_group",
            "okta_user.test_inactive_user"
          ]
        }
      ]
    },
    {
      "mode": "managed",
      "type": "okta_group_memberships",
      "name": "all_ai_ml_members",
      "provider": "provider[\"registry.terraform.io/okta/okta\"]",
      "instances": [
        {
          "schema_version": 0,
          "attributes": {
            "group_id": "00gtjnz1x3OXeGxXI697",
            "id": "00gtjnz1x3OXeGxXI697",
            "track_all_users": false,
            "users": [
              "00utjo03iieMatKuX697",
              "00utjo06xcOpamVBS697",
              "00utjo190ikTCCJQb697",
              "00utjo1iun8o7aNQY697",
              "00utjo1xiaBb3vKD3697"
            ]
          },
          "sensitive_attributes": [],
          "private": "bnVsbA==",
          "dependencies": [
            "okta_group.all_ai_ml",
            "okta_user.test_data_scientist_1",
            "okta_user.test_data_scientist_2",
            "okta_user.test_ml_engineer_1",
            "okta_user.test_ml_engineer_2",
            "okta_user.test_platform_admin"
          ]
        }
      ]
    },
    {
      "mode": "managed",
      "type": "okta_group_memberships",
      "name": "data_science_members",
      "provider": "provider[\"registry.terraform.io/okta/okta\"]",
      "instances": [
        {
          "schema_version": 0,
          "attributes": {
            "group_id": "00gtjnzw0fj1oNaK7697",
            "id": "00gtjnzw0fj1oNaK7697",
            "track_all_users": false,
            "users": [
              "00utjo03iieMatKuX697",
              "00utjo1iun8o7aNQY697"
            ]
          },
          "sensitive_attributes": [],
          "private": "bnVsbA==",
          "dependencies": [
            "okta_group.data_science",
            "okta_user.test_data_scientist_1",
            "okta_user.test_data_scientist_2"
          ]
        }
      ]
    },
    {
      "mode": "managed",
      "type": "okta_group_memberships",
      "name": "genai_platform_admin_members",
      "provider": "provider[\"registry.terraform.io/okta/okta\"]",
      "instances": [
        {
          "schema_version": 0,
          "attributes": {
            "group_id": "00gtjnwav6guZ7dc4697",
            "id": "00gtjnwav6guZ7dc4697",
            "track_all_users": false,
            "users": [
              "00utjo1xiaBb3vKD3697"
            ]
          },
          "sensitive_attributes": [],
          "private": "bnVsbA==",
          "dependencies": [
            "okta_group.genai_platform_admins",
            "okta_user.test_platform_admin"
          ]
        }
      ]
    },
    {
      "mode": "managed",
      "type": "okta_group_memberships",
      "name": "ml_engineering_members",
      "provider": "provider[\"registry.terraform.io/okta/okta\"]",
      "instances": [
        {
          "schema_version": 0,
          "attributes": {
            "group_id": "00gtjnv3lrrP8AmZD697",
            "id": "00gtjnv3lrrP8AmZD697",
            "track_all_users": false,
            "users": [
              "00utjo06xcOpamVBS697",
              "00utjo190ikTCCJQb697"
            ]
          },
          "sensitive_attributes": [],
          "private": "bnVsbA==",
          "dependencies": [
            "okta_group.ml_engineering",
            "okta_user.test_ml_engineer_1",
            "okta_user.test_ml_engineer_2"
          ]
        }
      ]
    },
    {
      "mode": "managed",
      "type": "okta_user",
      "name": "test_data_scientist_1",
      "provider": "provider[\"registry.terraform.io/okta/okta\"]",
      "instances": [
        {
          "schema_version": 0,
          "attributes": {
            "city": null,
            "cost_center": null,
            "country_code": null,
            "custom_profile_attributes": "{\"role\":\"Data Scientist\",\"team\":\"Research\"}",
            "custom_profile_attributes_to_ignore": null,
            "department": "Data Science",
            "display_name": null,
            "division": null,
            "email": "carlos+ds1@braintrustdata.com",
            "employee_number": null,
            "expire_password_on_create": false,
            "first_name": "Carlos",
            "honorific_prefix": null,
            "honorific_suffix": null,
            "id": "00utjo1iun8o7aNQY697",
            "last_name": "DS1",
            "locale": null,
            "login": "carlos+ds1@braintrustdata.com",
            "manager": null,
            "manager_id": null,
            "middle_name": null,
            "mobile_phone": null,
            "nick_name": null,
            "old_password": null,
            "organization": null,
            "password": null,
            "password_hash": [],
            "password_inline_hook": null,
            "postal_address": null,
            "preferred_language": null,
            "primary_phone": null,
            "profile_url": null,
            "raw_status": "PROVISIONED",
            "recovery_answer": null,
            "recovery_question": null,
            "second_email": null,
            "skip_roles": false,
            "state": null,
            "status": "PROVISIONED",
            "street_address": null,
            "timezone": null,
            "title": null,
            "user_type": null,
            "zip_code": null
          },
          "sensitive_attributes": [
            [
              {
                "type": "get_attr",
                "value": "recovery_answer"
              }
            ],
            [
              {
                "type": "get_attr",
                "value": "old_password"
              }
            ],
            [
              {
                "type": "get_attr",
                "value": "password"
              }
            ]
          ],
          "private": "bnVsbA=="
        }
      ]
    },
    {
      "mode": "managed",
      "type": "okta_user",
      "name": "test_data_scientist_2",
      "provider": "provider[\"registry.terraform.io/okta/okta\"]",
      "instances": [
        {
          "schema_version": 0,
          "attributes": {
            "city": null,
            "cost_center": null,
            "country_code": null,
            "custom_profile_attributes": "{\"role\":\"Senior Data Scientist\",\"team\":\"Analytics\"}",
            "custom_profile_attributes_to_ignore": null,
            "department": "Data Science",
            "display_name": null,
            "division": null,
            "email": "carlos+ds2@braintrustdata.com",
            "employee_number": null,
            "expire_password_on_create": false,
            "first_name": "Carlos",
            "honorific_prefix": null,
            "honorific_suffix": null,
            "id": "00utjo03iieMatKuX697",
            "last_name": "DS2",
            "locale": null,
            "login": "carlos+ds2@braintrustdata.com",
            "manager": null,
            "manager_id": null,
            "middle_name": null,
            "mobile_phone": null,
            "nick_name": null,
            "old_password": null,
            "organization": null,
            "password": null,
            "password_hash": [],
            "password_inline_hook": null,
            "postal_address": null,
            "preferred_language": null,
            "primary_phone": null,
            "profile_url": null,
            "raw_status": "PROVISIONED",
            "recovery_answer": null,
            "recovery_question": null,
            "second_email": null,
            "skip_roles": false,
            "state": null,
            "status": "PROVISIONED",
            "street_address": null,
            "timezone": null,
            "title": null,
            "user_type": null,
            "zip_code": null
          },
          "sensitive_attributes": [
            [
              {
                "type": "get_attr",
                "value": "old_password"
              }
            ],
            [
              {
                "type": "get_attr",
                "value": "password"
              }
            ],
            [
              {
                "type": "get_attr",
                "value": "recovery_answer"
              }
            ]
          ],
          "private": "bnVsbA=="
        }
      ]
    },
    {
      "mode": "managed",
      "type": "okta_user",
      "name": "test_inactive_user",
      "provider": "provider[\"registry.terraform.io/okta/okta\"]",
      "instances": [
        {
          "schema_version": 0,
          "attributes": {
            "city": null,
            "cost_center": null,
            "country_code": null,
            "custom_profile_attributes": "{\"role\":\"N/A\",\"team\":\"N/A\"}",
            "custom_profile_attributes_to_ignore": null,
            "department": "Former Employee",
            "display_name": null,
            "division": null,
            "email": "carlos+inactive@braintrustdata.com",
            "employee_number": null,
            "expire_password_on_create": false,
            "first_name": "Carlos",
            "honorific_prefix": null,
            "honorific_suffix": null,
            "id": "00utjo0jh39qf98AG697",
            "last_name": "Inactive",
            "locale": null,
            "login": "carlos+inactive@braintrustdata.com",
            "manager": null,
            "manager_id": null,
            "middle_name": null,
            "mobile_phone": null,
            "nick_name": null,
            "old_password": null,
            "organization": null,
            "password": null,
            "password_hash": [],
            "password_inline_hook": null,
            "postal_address": null,
            "preferred_language": null,
            "primary_phone": null,
            "profile_url": null,
            "raw_status": "SUSPENDED",
            "recovery_answer": null,
            "recovery_question": null,
            "second_email": null,
            "skip_roles": false,
            "state": null,
            "status": "SUSPENDED",
            "street_address": null,
            "timezone": null,
            "title": null,
            "user_type": null,
            "zip_code": null
          },
          "sensitive_attributes": [
            [
              {
                "type": "get_attr",
                "value": "old_password"
              }
            ],
            [
              {
                "type": "get_attr",
                "value": "recovery_answer"
              }
            ],
            [
              {
                "type": "get_attr",
                "value": "password"
              }
            ]
          ],
          "private": "bnVsbA=="
        }
      ]
    },
    {
      "mode": "managed",
      "type": "okta_user",
      "name": "test_ml_engineer_1",
      "provider": "provider[\"registry.terraform.io/okta/okta\"]",
      "instances": [
        {
          "schema_version": 0,
          "attributes": {
            "city": null,
            "cost_center": null,
            "country_code": null,
            "custom_profile_attributes": "{\"role\":\"Senior Engineer\",\"team\":\"Core ML\"}",
            "custom_profile_attributes_to_ignore": null,
            "department": "ML Engineering",
            "display_name": null,
            "division": null,
            "email": "carlos+ml1@braintrustdata.com",
            "employee_number": null,
            "expire_password_on_create": false,
            "first_name": "Carlos",
            "honorific_prefix": null,
            "honorific_suffix": null,
            "id": "00utjo190ikTCCJQb697",
            "last_name": "ML1",
            "locale": null,
            "login": "carlos+ml1@braintrustdata.com",
            "manager": null,
            "manager_id": null,
            "middle_name": null,
            "mobile_phone": null,
            "nick_name": null,
            "old_password": null,
            "organization": null,
            "password": null,
            "password_hash": [],
            "password_inline_hook": null,
            "postal_address": null,
            "preferred_language": null,
            "primary_phone": null,
            "profile_url": null,
            "raw_status": "PROVISIONED",
            "recovery_answer": null,
            "recovery_question": null,
            "second_email": null,
            "skip_roles": false,
            "state": null,
            "status": "PROVISIONED",
            "street_address": null,
            "timezone": null,
            "title": null,
            "user_type": null,
            "zip_code": null
          },
          "sensitive_attributes": [
            [
              {
                "type": "get_attr",
                "value": "password"
              }
            ],
            [
              {
                "type": "get_attr",
                "value": "recovery_answer"
              }
            ],
            [
              {
                "type": "get_attr",
                "value": "old_password"
              }
            ]
          ],
          "private": "bnVsbA=="
        }
      ]
    },
    {
      "mode": "managed",
      "type": "okta_user",
      "name": "test_ml_engineer_2",
      "provider": "provider[\"registry.terraform.io/okta/okta\"]",
      "instances": [
        {
          "schema_version": 0,
          "attributes": {
            "city": null,
            "cost_center": null,
            "country_code": null,
            "custom_profile_attributes": "{\"role\":\"Engineer\",\"team\":\"Core ML\"}",
            "custom_profile_attributes_to_ignore": null,
            "department": "ML Engineering",
            "display_name": null,
            "division": null,
            "email": "carlos+ml2@braintrustdata.com",
            "employee_number": null,
            "expire_password_on_create": false,
            "first_name": "Carlos",
            "honorific_prefix": null,
            "honorific_suffix": null,
            "id": "00utjo06xcOpamVBS697",
            "last_name": "ML2",
            "locale": null,
            "login": "carlos+ml2@braintrustdata.com",
            "manager": null,
            "manager_id": null,
            "middle_name": null,
            "mobile_phone": null,
            "nick_name": null,
            "old_password": null,
            "organization": null,
            "password": null,
            "password_hash": [],
            "password_inline_hook": null,
            "postal_address": null,
            "preferred_language": null,
            "primary_phone": null,
            "profile_url": null,
            "raw_status": "PROVISIONED",
            "recovery_answer": null,
            "recovery_question": null,
            "second_email": null,
            "skip_roles": false,
            "state": null,
            "status": "PROVISIONED",
            "street_address": null,
            "timezone": null,
            "title": null,
            "user_type": null,
            "zip_code": null
          },
          "sensitive_attributes": [
            [
              {
                "type": "get_attr",
                "value": "old_password"
              }
            ],
            [
              {
                "type": "get_attr",
                "value": "password"
              }
            ],
            [
              {
                "type": "get_attr",
                "value": "recovery_answer"
              }
            ]
          ],
          "private": "bnVsbA=="
        }
      ]
    },
    {
      "mode": "managed",
      "type": "okta_user",
      "name": "test_platform_admin",
      "provider": "provider[\"registry.terraform.io/okta/okta\"]",
      "instances": [
        {
          "schema_version": 0,
          "attributes": {
            "city": null,
            "cost_center": null,
            "country_code": null,
            "custom_profile_attributes": "{\"role\":\"Platform Engineer\",\"team\":\"GenAI Platform\"}",
            "custom_profile_attributes_to_ignore": null,
            "department": "Platform",
            "display_name": null,
            "division": null,
            "email": "carlos+admin@braintrustdata.com",
            "employee_number": null,
            "expire_password_on_create": false,
            "first_name": "Carlos",
            "honorific_prefix": null,
            "honorific_suffix": null,
            "id": "00utjo1xiaBb3vKD3697",
            "last_name": "Admin",
            "locale": null,
            "login": "carlos+admin@braintrustdata.com",
            "manager": null,
            "manager_id": null,
            "middle_name": null,
            "mobile_phone": null,
            "nick_name": null,
            "old_password": null,
            "organization": null,
            "password": null,
            "password_hash": [],
            "password_inline_hook": null,
            "postal_address": null,
            "preferred_language": null,
            "primary_phone": null,
            "profile_url": null,
            "raw_status": "PROVISIONED",
            "recovery_answer": null,
            "recovery_question": null,
            "second_email": null,
            "skip_roles": false,
            "state": null,
            "status": "PROVISIONED",
            "street_address": null,
            "timezone": null,
            "title": null,
            "user_type": null,
            "zip_code": null
          },
          "sensitive_attributes": [
            [
              {
                "type": "get_attr",
                "value": "recovery_answer"
              }
            ],
            [
              {
                "type": "get_attr",
                "value": "old_password"
              }
            ],
            [
              {
                "type": "get_attr",
                "value": "password"
              }
            ]
          ],
          "private": "bnVsbA=="
        }
      ]
    }
  ],
  "check_results": null
}
